// !$*UTF8*$!
{
	archiveVersion = 1;
	classes = {
	};
	objectVersion = 77;
	objects = {

/* Begin PBXBuildFile section */
		22821FE42D4F227B00EF1F1F /* FirebaseAuth in Frameworks */ = {isa = PBXBuildFile; productRef = 22821FE32D4F227B00EF1F1F /* FirebaseAuth */; };
		22821FE62D4F227B00EF1F1F /* FirebaseAuthCombine-Community in Frameworks */ = {isa = PBXBuildFile; productRef = 22821FE52D4F227B00EF1F1F /* FirebaseAuthCombine-Community */; };
		22821FE82D4F227B00EF1F1F /* FirebaseCore in Frameworks */ = {isa = PBXBuildFile; productRef = 22821FE72D4F227B00EF1F1F /* FirebaseCore */; };
		22821FEA2D4F227B00EF1F1F /* FirebaseCrashlytics in Frameworks */ = {isa = PBXBuildFile; productRef = 22821FE92D4F227B00EF1F1F /* FirebaseCrashlytics */; };
		22821FEC2D4F227B00EF1F1F /* FirebaseDatabase in Frameworks */ = {isa = PBXBuildFile; productRef = 22821FEB2D4F227B00EF1F1F /* FirebaseDatabase */; };
		22821FEE2D4F227B00EF1F1F /* FirebaseDynamicLinks in Frameworks */ = {isa = PBXBuildFile; productRef = 22821FED2D4F227B00EF1F1F /* FirebaseDynamicLinks */; };
		22821FF02D4F227B00EF1F1F /* FirebaseFirestore in Frameworks */ = {isa = PBXBuildFile; productRef = 22821FEF2D4F227B00EF1F1F /* FirebaseFirestore */; };
		22821FF22D4F227B00EF1F1F /* FirebaseFirestoreCombine-Community in Frameworks */ = {isa = PBXBuildFile; productRef = 22821FF12D4F227B00EF1F1F /* FirebaseFirestoreCombine-Community */; };
		22821FF42D4F227B00EF1F1F /* FirebaseFunctions in Frameworks */ = {isa = PBXBuildFile; productRef = 22821FF32D4F227B00EF1F1F /* FirebaseFunctions */; };
		22821FF62D4F227B00EF1F1F /* FirebaseFunctionsCombine-Community in Frameworks */ = {isa = PBXBuildFile; productRef = 22821FF52D4F227B00EF1F1F /* FirebaseFunctionsCombine-Community */; };
		22821FF82D4F227B00EF1F1F /* FirebaseInAppMessaging-Beta in Frameworks */ = {isa = PBXBuildFile; productRef = 22821FF72D4F227B00EF1F1F /* FirebaseInAppMessaging-Beta */; };
		22821FFA2D4F227B00EF1F1F /* FirebaseInstallations in Frameworks */ = {isa = PBXBuildFile; productRef = 22821FF92D4F227B00EF1F1F /* FirebaseInstallations */; };
		22821FFC2D4F227B00EF1F1F /* FirebaseMLModelDownloader in Frameworks */ = {isa = PBXBuildFile; productRef = 22821FFB2D4F227B00EF1F1F /* FirebaseMLModelDownloader */; };
		22821FFE2D4F227B00EF1F1F /* FirebaseMessaging in Frameworks */ = {isa = PBXBuildFile; productRef = 22821FFD2D4F227B00EF1F1F /* FirebaseMessaging */; };
		228220002D4F227B00EF1F1F /* FirebasePerformance in Frameworks */ = {isa = PBXBuildFile; productRef = 22821FFF2D4F227B00EF1F1F /* FirebasePerformance */; };
		228220022D4F227B00EF1F1F /* FirebaseRemoteConfig in Frameworks */ = {isa = PBXBuildFile; productRef = 228220012D4F227B00EF1F1F /* FirebaseRemoteConfig */; };
		228220042D4F227B00EF1F1F /* FirebaseStorage in Frameworks */ = {isa = PBXBuildFile; productRef = 228220032D4F227B00EF1F1F /* FirebaseStorage */; };
		228220062D4F227B00EF1F1F /* FirebaseStorageCombine-Community in Frameworks */ = {isa = PBXBuildFile; productRef = 228220052D4F227B00EF1F1F /* FirebaseStorageCombine-Community */; };
		228220082D4F227B00EF1F1F /* FirebaseVertexAI in Frameworks */ = {isa = PBXBuildFile; productRef = 228220072D4F227B00EF1F1F /* FirebaseVertexAI */; };
		228220402D5740AC00EF1F1F /* BitCollections in Frameworks */ = {isa = PBXBuildFile; productRef = 2282203F2D5740AC00EF1F1F /* BitCollections */; };
		228220422D5740AC00EF1F1F /* Collections in Frameworks */ = {isa = PBXBuildFile; productRef = 228220412D5740AC00EF1F1F /* Collections */; };
		228220442D5740AC00EF1F1F /* DequeModule in Frameworks */ = {isa = PBXBuildFile; productRef = 228220432D5740AC00EF1F1F /* DequeModule */; };
		228220462D5740AC00EF1F1F /* HashTreeCollections in Frameworks */ = {isa = PBXBuildFile; productRef = 228220452D5740AC00EF1F1F /* HashTreeCollections */; };
		228220482D5740AC00EF1F1F /* HeapModule in Frameworks */ = {isa = PBXBuildFile; productRef = 228220472D5740AC00EF1F1F /* HeapModule */; };
		2282204A2D5740AC00EF1F1F /* OrderedCollections in Frameworks */ = {isa = PBXBuildFile; productRef = 228220492D5740AC00EF1F1F /* OrderedCollections */; };
		2282204C2D5740AC00EF1F1F /* _RopeModule in Frameworks */ = {isa = PBXBuildFile; productRef = 2282204B2D5740AC00EF1F1F /* _RopeModule */; };
		22BABC942D4F029800ED652C /* FirebaseAnalytics in Frameworks */ = {isa = PBXBuildFile; productRef = 22BABC932D4F029800ED652C /* FirebaseAnalytics */; };
		22BABC962D4F029800ED652C /* FirebaseAnalyticsOnDeviceConversion in Frameworks */ = {isa = PBXBuildFile; productRef = 22BABC952D4F029800ED652C /* FirebaseAnalyticsOnDeviceConversion */; };
		22BABC982D4F029800ED652C /* FirebaseAnalyticsWithoutAdIdSupport in Frameworks */ = {isa = PBXBuildFile; productRef = 22BABC972D4F029800ED652C /* FirebaseAnalyticsWithoutAdIdSupport */; };
		22BABC9A2D4F029800ED652C /* FirebaseAppCheck in Frameworks */ = {isa = PBXBuildFile; productRef = 22BABC992D4F029800ED652C /* FirebaseAppCheck */; };
		22BABC9C2D4F029800ED652C /* FirebaseAppDistribution-Beta in Frameworks */ = {isa = PBXBuildFile; productRef = 22BABC9B2D4F029800ED652C /* FirebaseAppDistribution-Beta */; };
/* End PBXBuildFile section */

/* Begin PBXContainerItemProxy section */
		22BABC5F2D4EE92900ED652C /* PBXContainerItemProxy */ = {
			isa = PBXContainerItemProxy;
			containerPortal = 22BABC402D4EE92800ED652C /* Project object */;
			proxyType = 1;
			remoteGlobalIDString = 22BABC472D4EE92800ED652C;
			remoteInfo = Unleash;
		};
		22BABC692D4EE92900ED652C /* PBXContainerItemProxy */ = {
			isa = PBXContainerItemProxy;
			containerPortal = 22BABC402D4EE92800ED652C /* Project object */;
			proxyType = 1;
			remoteGlobalIDString = 22BABC472D4EE92800ED652C;
			remoteInfo = Unleash;
		};
/* End PBXContainerItemProxy section */

/* Begin PBXFileReference section */
		22BABC482D4EE92800ED652C /* Unleash.app */ = {isa = PBXFileReference; explicitFileType = wrapper.application; includeInIndex = 0; path = Unleash.app; sourceTree = BUILT_PRODUCTS_DIR; };
		22BABC5E2D4EE92900ED652C /* UnleashTests.xctest */ = {isa = PBXFileReference; explicitFileType = wrapper.cfbundle; includeInIndex = 0; path = UnleashTests.xctest; sourceTree = BUILT_PRODUCTS_DIR; };
		22BABC682D4EE92900ED652C /* UnleashUITests.xctest */ = {isa = PBXFileReference; explicitFileType = wrapper.cfbundle; includeInIndex = 0; path = UnleashUITests.xctest; sourceTree = BUILT_PRODUCTS_DIR; };
/* End PBXFileReference section */

/* Begin PBXFileSystemSynchronizedRootGroup section */
		22BABC4A2D4EE92800ED652C /* Unleash */ = {
			isa = PBXFileSystemSynchronizedRootGroup;
			path = Unleash;
			sourceTree = "<group>";
		};
		22BABC612D4EE92900ED652C /* UnleashTests */ = {
			isa = PBXFileSystemSynchronizedRootGroup;
			path = UnleashTests;
			sourceTree = "<group>";
		};
		22BABC6B2D4EE92900ED652C /* UnleashUITests */ = {
			isa = PBXFileSystemSynchronizedRootGroup;
			path = UnleashUITests;
			sourceTree = "<group>";
		};
/* End PBXFileSystemSynchronizedRootGroup section */

/* Begin PBXFrameworksBuildPhase section */
		22BABC452D4EE92800ED652C /* Frameworks */ = {
			isa = PBXFrameworksBuildPhase;
			buildActionMask = 2147483647;
			files = (
				22821FF22D4F227B00EF1F1F /* FirebaseFirestoreCombine-Community in Frameworks */,
				228220082D4F227B00EF1F1F /* FirebaseVertexAI in Frameworks */,
				22821FF42D4F227B00EF1F1F /* FirebaseFunctions in Frameworks */,
				228220002D4F227B00EF1F1F /* FirebasePerformance in Frameworks */,
				228220062D4F227B00EF1F1F /* FirebaseStorageCombine-Community in Frameworks */,
				228220022D4F227B00EF1F1F /* FirebaseRemoteConfig in Frameworks */,
				22821FEC2D4F227B00EF1F1F /* FirebaseDatabase in Frameworks */,
				22821FEE2D4F227B00EF1F1F /* FirebaseDynamicLinks in Frameworks */,
				22BABC9A2D4F029800ED652C /* FirebaseAppCheck in Frameworks */,
				22821FE42D4F227B00EF1F1F /* FirebaseAuth in Frameworks */,
				228220462D5740AC00EF1F1F /* HashTreeCollections in Frameworks */,
				22BABC942D4F029800ED652C /* FirebaseAnalytics in Frameworks */,
				228220402D5740AC00EF1F1F /* BitCollections in Frameworks */,
				22821FF02D4F227B00EF1F1F /* FirebaseFirestore in Frameworks */,
				22821FFE2D4F227B00EF1F1F /* FirebaseMessaging in Frameworks */,
				228220442D5740AC00EF1F1F /* DequeModule in Frameworks */,
				22821FFA2D4F227B00EF1F1F /* FirebaseInstallations in Frameworks */,
				22821FF62D4F227B00EF1F1F /* FirebaseFunctionsCombine-Community in Frameworks */,
				228220422D5740AC00EF1F1F /* Collections in Frameworks */,
				228220482D5740AC00EF1F1F /* HeapModule in Frameworks */,
				2282204A2D5740AC00EF1F1F /* OrderedCollections in Frameworks */,
				22BABC9C2D4F029800ED652C /* FirebaseAppDistribution-Beta in Frameworks */,
				22BABC982D4F029800ED652C /* FirebaseAnalyticsWithoutAdIdSupport in Frameworks */,
				22821FF82D4F227B00EF1F1F /* FirebaseInAppMessaging-Beta in Frameworks */,
				22821FE62D4F227B00EF1F1F /* FirebaseAuthCombine-Community in Frameworks */,
				22821FEA2D4F227B00EF1F1F /* FirebaseCrashlytics in Frameworks */,
				22821FFC2D4F227B00EF1F1F /* FirebaseMLModelDownloader in Frameworks */,
				228220042D4F227B00EF1F1F /* FirebaseStorage in Frameworks */,
				2282204C2D5740AC00EF1F1F /* _RopeModule in Frameworks */,
				22821FE82D4F227B00EF1F1F /* FirebaseCore in Frameworks */,
				22BABC962D4F029800ED652C /* FirebaseAnalyticsOnDeviceConversion in Frameworks */,
			);
			runOnlyForDeploymentPostprocessing = 0;
		};
		22BABC5B2D4EE92900ED652C /* Frameworks */ = {
			isa = PBXFrameworksBuildPhase;
			buildActionMask = 2147483647;
			files = (
			);
			runOnlyForDeploymentPostprocessing = 0;
		};
		22BABC652D4EE92900ED652C /* Frameworks */ = {
			isa = PBXFrameworksBuildPhase;
			buildActionMask = 2147483647;
			files = (
			);
			runOnlyForDeploymentPostprocessing = 0;
		};
/* End PBXFrameworksBuildPhase section */

/* Begin PBXGroup section */
		22BABC3F2D4EE92800ED652C = {
			isa = PBXGroup;
			children = (
				22BABC4A2D4EE92800ED652C /* Unleash */,
				22BABC612D4EE92900ED652C /* UnleashTests */,
				22BABC6B2D4EE92900ED652C /* UnleashUITests */,
				22BABC492D4EE92800ED652C /* Products */,
			);
			sourceTree = "<group>";
		};
		22BABC492D4EE92800ED652C /* Products */ = {
			isa = PBXGroup;
			children = (
				22BABC482D4EE92800ED652C /* Unleash.app */,
				22BABC5E2D4EE92900ED652C /* UnleashTests.xctest */,
				22BABC682D4EE92900ED652C /* UnleashUITests.xctest */,
			);
			name = Products;
			sourceTree = "<group>";
		};
/* End PBXGroup section */

/* Begin PBXNativeTarget section */
		22BABC472D4EE92800ED652C /* Unleash */ = {
			isa = PBXNativeTarget;
			buildConfigurationList = 22BABC722D4EE92900ED652C /* Build configuration list for PBXNativeTarget "Unleash" */;
			buildPhases = (
				22BABC442D4EE92800ED652C /* Sources */,
				22BABC452D4EE92800ED652C /* Frameworks */,
				22BABC462D4EE92800ED652C /* Resources */,
			);
			buildRules = (
			);
			dependencies = (
			);
			fileSystemSynchronizedGroups = (
				22BABC4A2D4EE92800ED652C /* Unleash */,
			);
			name = Unleash;
			packageProductDependencies = (
				22BABC932D4F029800ED652C /* FirebaseAnalytics */,
				22BABC952D4F029800ED652C /* FirebaseAnalyticsOnDeviceConversion */,
				22BABC972D4F029800ED652C /* FirebaseAnalyticsWithoutAdIdSupport */,
				22BABC992D4F029800ED652C /* FirebaseAppCheck */,
				22BABC9B2D4F029800ED652C /* FirebaseAppDistribution-Beta */,
				22821FE32D4F227B00EF1F1F /* FirebaseAuth */,
				22821FE52D4F227B00EF1F1F /* FirebaseAuthCombine-Community */,
				22821FE72D4F227B00EF1F1F /* FirebaseCore */,
				22821FE92D4F227B00EF1F1F /* FirebaseCrashlytics */,
				22821FEB2D4F227B00EF1F1F /* FirebaseDatabase */,
				22821FED2D4F227B00EF1F1F /* FirebaseDynamicLinks */,
				22821FEF2D4F227B00EF1F1F /* FirebaseFirestore */,
				22821FF12D4F227B00EF1F1F /* FirebaseFirestoreCombine-Community */,
				22821FF32D4F227B00EF1F1F /* FirebaseFunctions */,
				22821FF52D4F227B00EF1F1F /* FirebaseFunctionsCombine-Community */,
				22821FF72D4F227B00EF1F1F /* FirebaseInAppMessaging-Beta */,
				22821FF92D4F227B00EF1F1F /* FirebaseInstallations */,
				22821FFB2D4F227B00EF1F1F /* FirebaseMLModelDownloader */,
				22821FFD2D4F227B00EF1F1F /* FirebaseMessaging */,
				22821FFF2D4F227B00EF1F1F /* FirebasePerformance */,
				228220012D4F227B00EF1F1F /* FirebaseRemoteConfig */,
				228220032D4F227B00EF1F1F /* FirebaseStorage */,
				228220052D4F227B00EF1F1F /* FirebaseStorageCombine-Community */,
				228220072D4F227B00EF1F1F /* FirebaseVertexAI */,
				2282203F2D5740AC00EF1F1F /* BitCollections */,
				228220412D5740AC00EF1F1F /* Collections */,
				228220432D5740AC00EF1F1F /* DequeModule */,
				228220452D5740AC00EF1F1F /* HashTreeCollections */,
				228220472D5740AC00EF1F1F /* HeapModule */,
				228220492D5740AC00EF1F1F /* OrderedCollections */,
				2282204B2D5740AC00EF1F1F /* _RopeModule */,
			);
			productName = Unleash;
			productReference = 22BABC482D4EE92800ED652C /* Unleash.app */;
			productType = "com.apple.product-type.application";
		};
		22BABC5D2D4EE92900ED652C /* UnleashTests */ = {
			isa = PBXNativeTarget;
			buildConfigurationList = 22BABC752D4EE92900ED652C /* Build configuration list for PBXNativeTarget "UnleashTests" */;
			buildPhases = (
				22BABC5A2D4EE92900ED652C /* Sources */,
				22BABC5B2D4EE92900ED652C /* Frameworks */,
				22BABC5C2D4EE92900ED652C /* Resources */,
			);
			buildRules = (
			);
			dependencies = (
				22BABC602D4EE92900ED652C /* PBXTargetDependency */,
			);
			fileSystemSynchronizedGroups = (
				22BABC612D4EE92900ED652C /* UnleashTests */,
			);
			name = UnleashTests;
			packageProductDependencies = (
			);
			productName = UnleashTests;
			productReference = 22BABC5E2D4EE92900ED652C /* UnleashTests.xctest */;
			productType = "com.apple.product-type.bundle.unit-test";
		};
		22BABC672D4EE92900ED652C /* UnleashUITests */ = {
			isa = PBXNativeTarget;
			buildConfigurationList = 22BABC782D4EE92900ED652C /* Build configuration list for PBXNativeTarget "UnleashUITests" */;
			buildPhases = (
				22BABC642D4EE92900ED652C /* Sources */,
				22BABC652D4EE92900ED652C /* Frameworks */,
				22BABC662D4EE92900ED652C /* Resources */,
			);
			buildRules = (
			);
			dependencies = (
				22BABC6A2D4EE92900ED652C /* PBXTargetDependency */,
			);
			fileSystemSynchronizedGroups = (
				22BABC6B2D4EE92900ED652C /* UnleashUITests */,
			);
			name = UnleashUITests;
			packageProductDependencies = (
			);
			productName = UnleashUITests;
			productReference = 22BABC682D4EE92900ED652C /* UnleashUITests.xctest */;
			productType = "com.apple.product-type.bundle.ui-testing";
		};
/* End PBXNativeTarget section */

/* Begin PBXProject section */
		22BABC402D4EE92800ED652C /* Project object */ = {
			isa = PBXProject;
			attributes = {
				BuildIndependentTargetsInParallel = 1;
				LastSwiftUpdateCheck = 1620;
				LastUpgradeCheck = 1620;
				TargetAttributes = {
					22BABC472D4EE92800ED652C = {
						CreatedOnToolsVersion = 16.2;
					};
					22BABC5D2D4EE92900ED652C = {
						CreatedOnToolsVersion = 16.2;
						TestTargetID = 22BABC472D4EE92800ED652C;
					};
					22BABC672D4EE92900ED652C = {
						CreatedOnToolsVersion = 16.2;
						TestTargetID = 22BABC472D4EE92800ED652C;
					};
				};
			};
			buildConfigurationList = 22BABC432D4EE92800ED652C /* Build configuration list for PBXProject "Unleash" */;
			developmentRegion = en;
			hasScannedForEncodings = 0;
			knownRegions = (
				en,
				Base,
			);
			mainGroup = 22BABC3F2D4EE92800ED652C;
			minimizedProjectReferenceProxies = 1;
			packageReferences = (
				22BABC922D4F029800ED652C /* XCRemoteSwiftPackageReference "firebase-ios-sdk" */,
				2282203E2D5740AC00EF1F1F /* XCRemoteSwiftPackageReference "swift-collections" */,
			);
			preferredProjectObjectVersion = 77;
			productRefGroup = 22BABC492D4EE92800ED652C /* Products */;
			projectDirPath = "";
			projectRoot = "";
			targets = (
				22BABC472D4EE92800ED652C /* Unleash */,
				22BABC5D2D4EE92900ED652C /* UnleashTests */,
				22BABC672D4EE92900ED652C /* UnleashUITests */,
			);
		};
/* End PBXProject section */

/* Begin PBXResourcesBuildPhase section */
		22BABC462D4EE92800ED652C /* Resources */ = {
			isa = PBXResourcesBuildPhase;
			buildActionMask = 2147483647;
			files = (
			);
			runOnlyForDeploymentPostprocessing = 0;
		};
		22BABC5C2D4EE92900ED652C /* Resources */ = {
			isa = PBXResourcesBuildPhase;
			buildActionMask = 2147483647;
			files = (
			);
			runOnlyForDeploymentPostprocessing = 0;
		};
		22BABC662D4EE92900ED652C /* Resources */ = {
			isa = PBXResourcesBuildPhase;
			buildActionMask = 2147483647;
			files = (
			);
			runOnlyForDeploymentPostprocessing = 0;
		};
/* End PBXResourcesBuildPhase section */

/* Begin PBXSourcesBuildPhase section */
		22BABC442D4EE92800ED652C /* Sources */ = {
			isa = PBXSourcesBuildPhase;
			buildActionMask = 2147483647;
			files = (
			);
			runOnlyForDeploymentPostprocessing = 0;
		};
		22BABC5A2D4EE92900ED652C /* Sources */ = {
			isa = PBXSourcesBuildPhase;
			buildActionMask = 2147483647;
			files = (
			);
			runOnlyForDeploymentPostprocessing = 0;
		};
		22BABC642D4EE92900ED652C /* Sources */ = {
			isa = PBXSourcesBuildPhase;
			buildActionMask = 2147483647;
			files = (
			);
			runOnlyForDeploymentPostprocessing = 0;
		};
/* End PBXSourcesBuildPhase section */

/* Begin PBXTargetDependency section */
		22BABC602D4EE92900ED652C /* PBXTargetDependency */ = {
			isa = PBXTargetDependency;
			target = 22BABC472D4EE92800ED652C /* Unleash */;
			targetProxy = 22BABC5F2D4EE92900ED652C /* PBXContainerItemProxy */;
		};
		22BABC6A2D4EE92900ED652C /* PBXTargetDependency */ = {
			isa = PBXTargetDependency;
			target = 22BABC472D4EE92800ED652C /* Unleash */;
			targetProxy = 22BABC692D4EE92900ED652C /* PBXContainerItemProxy */;
		};
/* End PBXTargetDependency section */

/* Begin XCBuildConfiguration section */
		22BABC702D4EE92900ED652C /* Debug */ = {
			isa = XCBuildConfiguration;
			buildSettings = {
				ALWAYS_SEARCH_USER_PATHS = NO;
				ASSETCATALOG_COMPILER_GENERATE_SWIFT_ASSET_SYMBOL_EXTENSIONS = YES;
				CLANG_ANALYZER_NONNULL = YES;
				CLANG_ANALYZER_NUMBER_OBJECT_CONVERSION = YES_AGGRESSIVE;
				CLANG_CXX_LANGUAGE_STANDARD = "gnu++20";
				CLANG_ENABLE_MODULES = YES;
				CLANG_ENABLE_OBJC_ARC = YES;
				CLANG_ENABLE_OBJC_WEAK = YES;
				CLANG_WARN_BLOCK_CAPTURE_AUTORELEASING = YES;
				CLANG_WARN_BOOL_CONVERSION = YES;
				CLANG_WARN_COMMA = YES;
				CLANG_WARN_CONSTANT_CONVERSION = YES;
				CLANG_WARN_DEPRECATED_OBJC_IMPLEMENTATIONS = YES;
				CLANG_WARN_DIRECT_OBJC_ISA_USAGE = YES_ERROR;
				CLANG_WARN_DOCUMENTATION_COMMENTS = YES;
				CLANG_WARN_EMPTY_BODY = YES;
				CLANG_WARN_ENUM_CONVERSION = YES;
				CLANG_WARN_INFINITE_RECURSION = YES;
				CLANG_WARN_INT_CONVERSION = YES;
				CLANG_WARN_NON_LITERAL_NULL_CONVERSION = YES;
				CLANG_WARN_OBJC_IMPLICIT_RETAIN_SELF = YES;
				CLANG_WARN_OBJC_LITERAL_CONVERSION = YES;
				CLANG_WARN_OBJC_ROOT_CLASS = YES_ERROR;
				CLANG_WARN_QUOTED_INCLUDE_IN_FRAMEWORK_HEADER = YES;
				CLANG_WARN_RANGE_LOOP_ANALYSIS = YES;
				CLANG_WARN_STRICT_PROTOTYPES = YES;
				CLANG_WARN_SUSPICIOUS_MOVE = YES;
				CLANG_WARN_UNGUARDED_AVAILABILITY = YES_AGGRESSIVE;
				CLANG_WARN_UNREACHABLE_CODE = YES;
				CLANG_WARN__DUPLICATE_METHOD_MATCH = YES;
				COPY_PHASE_STRIP = NO;
				DEBUG_INFORMATION_FORMAT = dwarf;
				ENABLE_STRICT_OBJC_MSGSEND = YES;
				ENABLE_TESTABILITY = YES;
				ENABLE_USER_SCRIPT_SANDBOXING = YES;
				GCC_C_LANGUAGE_STANDARD = gnu17;
				GCC_DYNAMIC_NO_PIC = NO;
				GCC_NO_COMMON_BLOCKS = YES;
				GCC_OPTIMIZATION_LEVEL = 0;
				GCC_PREPROCESSOR_DEFINITIONS = (
					"DEBUG=1",
					"$(inherited)",
				);
				GCC_WARN_64_TO_32_BIT_CONVERSION = YES;
				GCC_WARN_ABOUT_RETURN_TYPE = YES_ERROR;
				GCC_WARN_UNDECLARED_SELECTOR = YES;
				GCC_WARN_UNINITIALIZED_AUTOS = YES_AGGRESSIVE;
				GCC_WARN_UNUSED_FUNCTION = YES;
				GCC_WARN_UNUSED_VARIABLE = YES;
				LOCALIZATION_PREFERS_STRING_CATALOGS = YES;
				MTL_ENABLE_DEBUG_INFO = INCLUDE_SOURCE;
				MTL_FAST_MATH = YES;
				ONLY_ACTIVE_ARCH = YES;
				SWIFT_ACTIVE_COMPILATION_CONDITIONS = "DEBUG $(inherited)";
				SWIFT_OPTIMIZATION_LEVEL = "-Onone";
			};
			name = Debug;
		};
		22BABC712D4EE92900ED652C /* Release */ = {
			isa = XCBuildConfiguration;
			buildSettings = {
				ALWAYS_SEARCH_USER_PATHS = NO;
				ASSETCATALOG_COMPILER_GENERATE_SWIFT_ASSET_SYMBOL_EXTENSIONS = YES;
				CLANG_ANALYZER_NONNULL = YES;
				CLANG_ANALYZER_NUMBER_OBJECT_CONVERSION = YES_AGGRESSIVE;
				CLANG_CXX_LANGUAGE_STANDARD = "gnu++20";
				CLANG_ENABLE_MODULES = YES;
				CLANG_ENABLE_OBJC_ARC = YES;
				CLANG_ENABLE_OBJC_WEAK = YES;
				CLANG_WARN_BLOCK_CAPTURE_AUTORELEASING = YES;
				CLANG_WARN_BOOL_CONVERSION = YES;
				CLANG_WARN_COMMA = YES;
				CLANG_WARN_CONSTANT_CONVERSION = YES;
				CLANG_WARN_DEPRECATED_OBJC_IMPLEMENTATIONS = YES;
				CLANG_WARN_DIRECT_OBJC_ISA_USAGE = YES_ERROR;
				CLANG_WARN_DOCUMENTATION_COMMENTS = YES;
				CLANG_WARN_EMPTY_BODY = YES;
				CLANG_WARN_ENUM_CONVERSION = YES;
				CLANG_WARN_INFINITE_RECURSION = YES;
				CLANG_WARN_INT_CONVERSION = YES;
				CLANG_WARN_NON_LITERAL_NULL_CONVERSION = YES;
				CLANG_WARN_OBJC_IMPLICIT_RETAIN_SELF = YES;
				CLANG_WARN_OBJC_LITERAL_CONVERSION = YES;
				CLANG_WARN_OBJC_ROOT_CLASS = YES_ERROR;
				CLANG_WARN_QUOTED_INCLUDE_IN_FRAMEWORK_HEADER = YES;
				CLANG_WARN_RANGE_LOOP_ANALYSIS = YES;
				CLANG_WARN_STRICT_PROTOTYPES = YES;
				CLANG_WARN_SUSPICIOUS_MOVE = YES;
				CLANG_WARN_UNGUARDED_AVAILABILITY = YES_AGGRESSIVE;
				CLANG_WARN_UNREACHABLE_CODE = YES;
				CLANG_WARN__DUPLICATE_METHOD_MATCH = YES;
				COPY_PHASE_STRIP = NO;
				DEBUG_INFORMATION_FORMAT = "dwarf-with-dsym";
				ENABLE_NS_ASSERTIONS = NO;
				ENABLE_STRICT_OBJC_MSGSEND = YES;
				ENABLE_USER_SCRIPT_SANDBOXING = YES;
				GCC_C_LANGUAGE_STANDARD = gnu17;
				GCC_NO_COMMON_BLOCKS = YES;
				GCC_WARN_64_TO_32_BIT_CONVERSION = YES;
				GCC_WARN_ABOUT_RETURN_TYPE = YES_ERROR;
				GCC_WARN_UNDECLARED_SELECTOR = YES;
				GCC_WARN_UNINITIALIZED_AUTOS = YES_AGGRESSIVE;
				GCC_WARN_UNUSED_FUNCTION = YES;
				GCC_WARN_UNUSED_VARIABLE = YES;
				LOCALIZATION_PREFERS_STRING_CATALOGS = YES;
				MTL_ENABLE_DEBUG_INFO = NO;
				MTL_FAST_MATH = YES;
				SWIFT_COMPILATION_MODE = wholemodule;
			};
			name = Release;
		};
		22BABC732D4EE92900ED652C /* Debug */ = {
			isa = XCBuildConfiguration;
			buildSettings = {
				ASSETCATALOG_COMPILER_APPICON_NAME = AppIcon;
				ASSETCATALOG_COMPILER_GLOBAL_ACCENT_COLOR_NAME = AccentColor;
				CODE_SIGN_ENTITLEMENTS = Unleash/Unleash.entitlements;
				CODE_SIGN_STYLE = Automatic;
				CURRENT_PROJECT_VERSION = 1;
				DEVELOPMENT_ASSET_PATHS = "\"Unleash/Preview Content\"";
				DEVELOPMENT_TEAM = 2895V9L3LU;
				ENABLE_HARDENED_RUNTIME = YES;
				ENABLE_PREVIEWS = YES;
				GENERATE_INFOPLIST_FILE = YES;
				INFOPLIST_KEY_CFBundleDisplayName = Unleash;
				"INFOPLIST_KEY_UIApplicationSceneManifest_Generation[sdk=iphoneos*]" = YES;
				"INFOPLIST_KEY_UIApplicationSceneManifest_Generation[sdk=iphonesimulator*]" = YES;
				"INFOPLIST_KEY_UIApplicationSupportsIndirectInputEvents[sdk=iphoneos*]" = YES;
				"INFOPLIST_KEY_UIApplicationSupportsIndirectInputEvents[sdk=iphonesimulator*]" = YES;
				"INFOPLIST_KEY_UILaunchScreen_Generation[sdk=iphoneos*]" = YES;
				"INFOPLIST_KEY_UILaunchScreen_Generation[sdk=iphonesimulator*]" = YES;
				"INFOPLIST_KEY_UIStatusBarStyle[sdk=iphoneos*]" = UIStatusBarStyleDefault;
				"INFOPLIST_KEY_UIStatusBarStyle[sdk=iphonesimulator*]" = UIStatusBarStyleDefault;
				INFOPLIST_KEY_UISupportedInterfaceOrientations_iPad = "UIInterfaceOrientationPortrait UIInterfaceOrientationPortraitUpsideDown UIInterfaceOrientationLandscapeLeft UIInterfaceOrientationLandscapeRight";
				INFOPLIST_KEY_UISupportedInterfaceOrientations_iPhone = "UIInterfaceOrientationPortrait UIInterfaceOrientationLandscapeLeft UIInterfaceOrientationLandscapeRight";
				IPHONEOS_DEPLOYMENT_TARGET = 18.0;
				LD_RUNPATH_SEARCH_PATHS = "@executable_path/Frameworks";
				"LD_RUNPATH_SEARCH_PATHS[sdk=macosx*]" = "@executable_path/../Frameworks";
				MACOSX_DEPLOYMENT_TARGET = 14.6;
				MARKETING_VERSION = 1.0;
				PRODUCT_BUNDLE_IDENTIFIER = samtoll.Unleash;
				PRODUCT_NAME = "$(TARGET_NAME)";
				SDKROOT = auto;
				SUPPORTED_PLATFORMS = "iphoneos iphonesimulator macosx xros xrsimulator";
				SWIFT_EMIT_LOC_STRINGS = YES;
				SWIFT_VERSION = 5.0;
				TARGETED_DEVICE_FAMILY = "1,2,7";
				XROS_DEPLOYMENT_TARGET = 2.2;
			};
			name = Debug;
		};
		22BABC742D4EE92900ED652C /* Release */ = {
			isa = XCBuildConfiguration;
			buildSettings = {
				ASSETCATALOG_COMPILER_APPICON_NAME = AppIcon;
				ASSETCATALOG_COMPILER_GLOBAL_ACCENT_COLOR_NAME = AccentColor;
				CODE_SIGN_ENTITLEMENTS = Unleash/Unleash.entitlements;
				CODE_SIGN_STYLE = Automatic;
				CURRENT_PROJECT_VERSION = 1;
				DEVELOPMENT_ASSET_PATHS = "\"Unleash/Preview Content\"";
				DEVELOPMENT_TEAM = 2895V9L3LU;
				ENABLE_HARDENED_RUNTIME = YES;
				ENABLE_PREVIEWS = YES;
				GENERATE_INFOPLIST_FILE = YES;
				INFOPLIST_KEY_CFBundleDisplayName = Unleash;
				"INFOPLIST_KEY_UIApplicationSceneManifest_Generation[sdk=iphoneos*]" = YES;
				"INFOPLIST_KEY_UIApplicationSceneManifest_Generation[sdk=iphonesimulator*]" = YES;
				"INFOPLIST_KEY_UIApplicationSupportsIndirectInputEvents[sdk=iphoneos*]" = YES;
				"INFOPLIST_KEY_UIApplicationSupportsIndirectInputEvents[sdk=iphonesimulator*]" = YES;
				"INFOPLIST_KEY_UILaunchScreen_Generation[sdk=iphoneos*]" = YES;
				"INFOPLIST_KEY_UILaunchScreen_Generation[sdk=iphonesimulator*]" = YES;
				"INFOPLIST_KEY_UIStatusBarStyle[sdk=iphoneos*]" = UIStatusBarStyleDefault;
				"INFOPLIST_KEY_UIStatusBarStyle[sdk=iphonesimulator*]" = UIStatusBarStyleDefault;
				INFOPLIST_KEY_UISupportedInterfaceOrientations_iPad = "UIInterfaceOrientationPortrait UIInterfaceOrientationPortraitUpsideDown UIInterfaceOrientationLandscapeLeft UIInterfaceOrientationLandscapeRight";
				INFOPLIST_KEY_UISupportedInterfaceOrientations_iPhone = "UIInterfaceOrientationPortrait UIInterfaceOrientationLandscapeLeft UIInterfaceOrientationLandscapeRight";
				IPHONEOS_DEPLOYMENT_TARGET = 18.0;
				LD_RUNPATH_SEARCH_PATHS = "@executable_path/Frameworks";
				"LD_RUNPATH_SEARCH_PATHS[sdk=macosx*]" = "@executable_path/../Frameworks";
				MACOSX_DEPLOYMENT_TARGET = 14.6;
				MARKETING_VERSION = 1.0;
				PRODUCT_BUNDLE_IDENTIFIER = samtoll.Unleash;
				PRODUCT_NAME = "$(TARGET_NAME)";
				SDKROOT = auto;
				SUPPORTED_PLATFORMS = "iphoneos iphonesimulator macosx xros xrsimulator";
				SWIFT_EMIT_LOC_STRINGS = YES;
				SWIFT_VERSION = 5.0;
				TARGETED_DEVICE_FAMILY = "1,2,7";
				XROS_DEPLOYMENT_TARGET = 2.2;
			};
			name = Release;
		};
		22BABC762D4EE92900ED652C /* Debug */ = {
			isa = XCBuildConfiguration;
			buildSettings = {
				BUNDLE_LOADER = "$(TEST_HOST)";
				CODE_SIGN_STYLE = Automatic;
				CURRENT_PROJECT_VERSION = 1;
				DEVELOPMENT_TEAM = 2895V9L3LU;
				GENERATE_INFOPLIST_FILE = YES;
				IPHONEOS_DEPLOYMENT_TARGET = 18.2;
				MACOSX_DEPLOYMENT_TARGET = 14.6;
				MARKETING_VERSION = 1.0;
				PRODUCT_BUNDLE_IDENTIFIER = samtoll.UnleashTests;
				PRODUCT_NAME = "$(TARGET_NAME)";
				SDKROOT = auto;
				SUPPORTED_PLATFORMS = "iphoneos iphonesimulator macosx xros xrsimulator";
				SWIFT_EMIT_LOC_STRINGS = NO;
				SWIFT_VERSION = 5.0;
				TARGETED_DEVICE_FAMILY = "1,2,7";
				TEST_HOST = "$(BUILT_PRODUCTS_DIR)/Unleash.app/$(BUNDLE_EXECUTABLE_FOLDER_PATH)/Unleash";
				XROS_DEPLOYMENT_TARGET = 2.2;
			};
			name = Debug;
		};
		22BABC772D4EE92900ED652C /* Release */ = {
			isa = XCBuildConfiguration;
			buildSettings = {
				BUNDLE_LOADER = "$(TEST_HOST)";
				CODE_SIGN_STYLE = Automatic;
				CURRENT_PROJECT_VERSION = 1;
				DEVELOPMENT_TEAM = 2895V9L3LU;
				GENERATE_INFOPLIST_FILE = YES;
				IPHONEOS_DEPLOYMENT_TARGET = 18.2;
				MACOSX_DEPLOYMENT_TARGET = 14.6;
				MARKETING_VERSION = 1.0;
				PRODUCT_BUNDLE_IDENTIFIER = samtoll.UnleashTests;
				PRODUCT_NAME = "$(TARGET_NAME)";
				SDKROOT = auto;
				SUPPORTED_PLATFORMS = "iphoneos iphonesimulator macosx xros xrsimulator";
				SWIFT_EMIT_LOC_STRINGS = NO;
				SWIFT_VERSION = 5.0;
				TARGETED_DEVICE_FAMILY = "1,2,7";
				TEST_HOST = "$(BUILT_PRODUCTS_DIR)/Unleash.app/$(BUNDLE_EXECUTABLE_FOLDER_PATH)/Unleash";
				XROS_DEPLOYMENT_TARGET = 2.2;
			};
			name = Release;
		};
		22BABC792D4EE92900ED652C /* Debug */ = {
			isa = XCBuildConfiguration;
			buildSettings = {
				CODE_SIGN_STYLE = Automatic;
				CURRENT_PROJECT_VERSION = 1;
				DEVELOPMENT_TEAM = 2895V9L3LU;
				GENERATE_INFOPLIST_FILE = YES;
				IPHONEOS_DEPLOYMENT_TARGET = 18.2;
				MACOSX_DEPLOYMENT_TARGET = 14.6;
				MARKETING_VERSION = 1.0;
				PRODUCT_BUNDLE_IDENTIFIER = samtoll.UnleashUITests;
				PRODUCT_NAME = "$(TARGET_NAME)";
				SDKROOT = auto;
				SUPPORTED_PLATFORMS = "iphoneos iphonesimulator macosx xros xrsimulator";
				SWIFT_EMIT_LOC_STRINGS = NO;
				SWIFT_VERSION = 5.0;
				TARGETED_DEVICE_FAMILY = "1,2,7";
				TEST_TARGET_NAME = Unleash;
				XROS_DEPLOYMENT_TARGET = 2.2;
			};
			name = Debug;
		};
		22BABC7A2D4EE92900ED652C /* Release */ = {
			isa = XCBuildConfiguration;
			buildSettings = {
				CODE_SIGN_STYLE = Automatic;
				CURRENT_PROJECT_VERSION = 1;
				DEVELOPMENT_TEAM = 2895V9L3LU;
				GENERATE_INFOPLIST_FILE = YES;
				IPHONEOS_DEPLOYMENT_TARGET = 18.2;
				MACOSX_DEPLOYMENT_TARGET = 14.6;
				MARKETING_VERSION = 1.0;
				PRODUCT_BUNDLE_IDENTIFIER = samtoll.UnleashUITests;
				PRODUCT_NAME = "$(TARGET_NAME)";
				SDKROOT = auto;
				SUPPORTED_PLATFORMS = "iphoneos iphonesimulator macosx xros xrsimulator";
				SWIFT_EMIT_LOC_STRINGS = NO;
				SWIFT_VERSION = 5.0;
				TARGETED_DEVICE_FAMILY = "1,2,7";
				TEST_TARGET_NAME = Unleash;
				XROS_DEPLOYMENT_TARGET = 2.2;
			};
			name = Release;
		};
/* End XCBuildConfiguration section */

/* Begin XCConfigurationList section */
		22BABC432D4EE92800ED652C /* Build configuration list for PBXProject "Unleash" */ = {
			isa = XCConfigurationList;
			buildConfigurations = (
				22BABC702D4EE92900ED652C /* Debug */,
				22BABC712D4EE92900ED652C /* Release */,
			);
			defaultConfigurationIsVisible = 0;
			defaultConfigurationName = Release;
		};
		22BABC722D4EE92900ED652C /* Build configuration list for PBXNativeTarget "Unleash" */ = {
			isa = XCConfigurationList;
			buildConfigurations = (
				22BABC732D4EE92900ED652C /* Debug */,
				22BABC742D4EE92900ED652C /* Release */,
			);
			defaultConfigurationIsVisible = 0;
			defaultConfigurationName = Release;
		};
		22BABC752D4EE92900ED652C /* Build configuration list for PBXNativeTarget "UnleashTests" */ = {
			isa = XCConfigurationList;
			buildConfigurations = (
				22BABC762D4EE92900ED652C /* Debug */,
				22BABC772D4EE92900ED652C /* Release */,
			);
			defaultConfigurationIsVisible = 0;
			defaultConfigurationName = Release;
		};
		22BABC782D4EE92900ED652C /* Build configuration list for PBXNativeTarget "UnleashUITests" */ = {
			isa = XCConfigurationList;
			buildConfigurations = (
				22BABC792D4EE92900ED652C /* Debug */,
				22BABC7A2D4EE92900ED652C /* Release */,
			);
			defaultConfigurationIsVisible = 0;
			defaultConfigurationName = Release;
		};
/* End XCConfigurationList section */

/* Begin XCRemoteSwiftPackageReference section */
		2282203E2D5740AC00EF1F1F /* XCRemoteSwiftPackageReference "swift-collections" */ = {
			isa = XCRemoteSwiftPackageReference;
			repositoryURL = "https://github.com/apple/swift-collections.git";
			requirement = {
				kind = upToNextMajorVersion;
				minimumVersion = 1.1.4;
			};
		};
		22BABC922D4F029800ED652C /* XCRemoteSwiftPackageReference "firebase-ios-sdk" */ = {
			isa = XCRemoteSwiftPackageReference;
			repositoryURL = "https://github.com/firebase/firebase-ios-sdk";
			requirement = {
				kind = upToNextMajorVersion;
				minimumVersion = 11.7.0;
			};
		};
/* End XCRemoteSwiftPackageReference section */

/* Begin XCSwiftPackageProductDependency section */
		22821FE32D4F227B00EF1F1F /* FirebaseAuth */ = {
			isa = XCSwiftPackageProductDependency;
			package = 22BABC922D4F029800ED652C /* XCRemoteSwiftPackageReference "firebase-ios-sdk" */;
			productName = FirebaseAuth;
		};
		22821FE52D4F227B00EF1F1F /* FirebaseAuthCombine-Community */ = {
			isa = XCSwiftPackageProductDependency;
			package = 22BABC922D4F029800ED652C /* XCRemoteSwiftPackageReference "firebase-ios-sdk" */;
			productName = "FirebaseAuthCombine-Community";
		};
		22821FE72D4F227B00EF1F1F /* FirebaseCore */ = {
			isa = XCSwiftPackageProductDependency;
			package = 22BABC922D4F029800ED652C /* XCRemoteSwiftPackageReference "firebase-ios-sdk" */;
			productName = FirebaseCore;
		};
		22821FE92D4F227B00EF1F1F /* FirebaseCrashlytics */ = {
			isa = XCSwiftPackageProductDependency;
			package = 22BABC922D4F029800ED652C /* XCRemoteSwiftPackageReference "firebase-ios-sdk" */;
			productName = FirebaseCrashlytics;
		};
		22821FEB2D4F227B00EF1F1F /* FirebaseDatabase */ = {
			isa = XCSwiftPackageProductDependency;
			package = 22BABC922D4F029800ED652C /* XCRemoteSwiftPackageReference "firebase-ios-sdk" */;
			productName = FirebaseDatabase;
		};
		22821FED2D4F227B00EF1F1F /* FirebaseDynamicLinks */ = {
			isa = XCSwiftPackageProductDependency;
			package = 22BABC922D4F029800ED652C /* XCRemoteSwiftPackageReference "firebase-ios-sdk" */;
			productName = FirebaseDynamicLinks;
		};
		22821FEF2D4F227B00EF1F1F /* FirebaseFirestore */ = {
			isa = XCSwiftPackageProductDependency;
			package = 22BABC922D4F029800ED652C /* XCRemoteSwiftPackageReference "firebase-ios-sdk" */;
			productName = FirebaseFirestore;
		};
		22821FF12D4F227B00EF1F1F /* FirebaseFirestoreCombine-Community */ = {
			isa = XCSwiftPackageProductDependency;
			package = 22BABC922D4F029800ED652C /* XCRemoteSwiftPackageReference "firebase-ios-sdk" */;
			productName = "FirebaseFirestoreCombine-Community";
		};
		22821FF32D4F227B00EF1F1F /* FirebaseFunctions */ = {
			isa = XCSwiftPackageProductDependency;
			package = 22BABC922D4F029800ED652C /* XCRemoteSwiftPackageReference "firebase-ios-sdk" */;
			productName = FirebaseFunctions;
		};
		22821FF52D4F227B00EF1F1F /* FirebaseFunctionsCombine-Community */ = {
			isa = XCSwiftPackageProductDependency;
			package = 22BABC922D4F029800ED652C /* XCRemoteSwiftPackageReference "firebase-ios-sdk" */;
			productName = "FirebaseFunctionsCombine-Community";
		};
		22821FF72D4F227B00EF1F1F /* FirebaseInAppMessaging-Beta */ = {
			isa = XCSwiftPackageProductDependency;
			package = 22BABC922D4F029800ED652C /* XCRemoteSwiftPackageReference "firebase-ios-sdk" */;
			productName = "FirebaseInAppMessaging-Beta";
		};
		22821FF92D4F227B00EF1F1F /* FirebaseInstallations */ = {
			isa = XCSwiftPackageProductDependency;
			package = 22BABC922D4F029800ED652C /* XCRemoteSwiftPackageReference "firebase-ios-sdk" */;
			productName = FirebaseInstallations;
		};
		22821FFB2D4F227B00EF1F1F /* FirebaseMLModelDownloader */ = {
			isa = XCSwiftPackageProductDependency;
			package = 22BABC922D4F029800ED652C /* XCRemoteSwiftPackageReference "firebase-ios-sdk" */;
			productName = FirebaseMLModelDownloader;
		};
		22821FFD2D4F227B00EF1F1F /* FirebaseMessaging */ = {
			isa = XCSwiftPackageProductDependency;
			package = 22BABC922D4F029800ED652C /* XCRemoteSwiftPackageReference "firebase-ios-sdk" */;
			productName = FirebaseMessaging;
		};
		22821FFF2D4F227B00EF1F1F /* FirebasePerformance */ = {
			isa = XCSwiftPackageProductDependency;
			package = 22BABC922D4F029800ED652C /* XCRemoteSwiftPackageReference "firebase-ios-sdk" */;
			productName = FirebasePerformance;
		};
		228220012D4F227B00EF1F1F /* FirebaseRemoteConfig */ = {
			isa = XCSwiftPackageProductDependency;
			package = 22BABC922D4F029800ED652C /* XCRemoteSwiftPackageReference "firebase-ios-sdk" */;
			productName = FirebaseRemoteConfig;
		};
		228220032D4F227B00EF1F1F /* FirebaseStorage */ = {
			isa = XCSwiftPackageProductDependency;
			package = 22BABC922D4F029800ED652C /* XCRemoteSwiftPackageReference "firebase-ios-sdk" */;
			productName = FirebaseStorage;
		};
		228220052D4F227B00EF1F1F /* FirebaseStorageCombine-Community */ = {
			isa = XCSwiftPackageProductDependency;
			package = 22BABC922D4F029800ED652C /* XCRemoteSwiftPackageReference "firebase-ios-sdk" */;
			productName = "FirebaseStorageCombine-Community";
		};
		228220072D4F227B00EF1F1F /* FirebaseVertexAI */ = {
			isa = XCSwiftPackageProductDependency;
			package = 22BABC922D4F029800ED652C /* XCRemoteSwiftPackageReference "firebase-ios-sdk" */;
			productName = FirebaseVertexAI;
		};
		2282203F2D5740AC00EF1F1F /* BitCollections */ = {
			isa = XCSwiftPackageProductDependency;
			package = 2282203E2D5740AC00EF1F1F /* XCRemoteSwiftPackageReference "swift-collections" */;
			productName = BitCollections;
		};
		228220412D5740AC00EF1F1F /* Collections */ = {
			isa = XCSwiftPackageProductDependency;
			package = 2282203E2D5740AC00EF1F1F /* XCRemoteSwiftPackageReference "swift-collections" */;
			productName = Collections;
		};
		228220432D5740AC00EF1F1F /* DequeModule */ = {
			isa = XCSwiftPackageProductDependency;
			package = 2282203E2D5740AC00EF1F1F /* XCRemoteSwiftPackageReference "swift-collections" */;
			productName = DequeModule;
		};
		228220452D5740AC00EF1F1F /* HashTreeCollections */ = {
			isa = XCSwiftPackageProductDependency;
			package = 2282203E2D5740AC00EF1F1F /* XCRemoteSwiftPackageReference "swift-collections" */;
			productName = HashTreeCollections;
		};
		228220472D5740AC00EF1F1F /* HeapModule */ = {
			isa = XCSwiftPackageProductDependency;
			package = 2282203E2D5740AC00EF1F1F /* XCRemoteSwiftPackageReference "swift-collections" */;
			productName = HeapModule;
		};
		228220492D5740AC00EF1F1F /* OrderedCollections */ = {
			isa = XCSwiftPackageProductDependency;
			package = 2282203E2D5740AC00EF1F1F /* XCRemoteSwiftPackageReference "swift-collections" */;
			productName = OrderedCollections;
		};
		2282204B2D5740AC00EF1F1F /* _RopeModule */ = {
			isa = XCSwiftPackageProductDependency;
			package = 2282203E2D5740AC00EF1F1F /* XCRemoteSwiftPackageReference "swift-collections" */;
			productName = _RopeModule;
		};
		22BABC932D4F029800ED652C /* FirebaseAnalytics */ = {
			isa = XCSwiftPackageProductDependency;
			package = 22BABC922D4F029800ED652C /* XCRemoteSwiftPackageReference "firebase-ios-sdk" */;
			productName = FirebaseAnalytics;
		};
		22BABC952D4F029800ED652C /* FirebaseAnalyticsOnDeviceConversion */ = {
			isa = XCSwiftPackageProductDependency;
			package = 22BABC922D4F029800ED652C /* XCRemoteSwiftPackageReference "firebase-ios-sdk" */;
			productName = FirebaseAnalyticsOnDeviceConversion;
		};
		22BABC972D4F029800ED652C /* FirebaseAnalyticsWithoutAdIdSupport */ = {
			isa = XCSwiftPackageProductDependency;
			package = 22BABC922D4F029800ED652C /* XCRemoteSwiftPackageReference "firebase-ios-sdk" */;
			productName = FirebaseAnalyticsWithoutAdIdSupport;
		};
		22BABC992D4F029800ED652C /* FirebaseAppCheck */ = {
			isa = XCSwiftPackageProductDependency;
			package = 22BABC922D4F029800ED652C /* XCRemoteSwiftPackageReference "firebase-ios-sdk" */;
			productName = FirebaseAppCheck;
		};
		22BABC9B2D4F029800ED652C /* FirebaseAppDistribution-Beta */ = {
			isa = XCSwiftPackageProductDependency;
			package = 22BABC922D4F029800ED652C /* XCRemoteSwiftPackageReference "firebase-ios-sdk" */;
			productName = "FirebaseAppDistribution-Beta";
		};
/* End XCSwiftPackageProductDependency section */
	};
	rootObject = 22BABC402D4EE92800ED652C /* Project object */;
}
